
Microsoft Visual Studio Solution File, Format Version 12.00
# Visual Studio Version 17
VisualStudioVersion = 17.9.34728.123
MinimumVisualStudioVersion = 10.0.40219.1
Project("{9A19103F-16F7-4668-BE54-9A1E7A4F7556}") = "lab1", "lab1\lab1.csproj", "{7182552B-8BE0-41D6-AB90-4CDA1F3B24A0}"
EndProject
Project("{FAE04EC0-301F-11D3-BF4B-00C04F79EFBC}") = "lab2", "lab2\lab2.csproj", "{06E46228-D79C-4D39-9881-C9FE7DA0EBA3}"
EndProject
Project("{FAE04EC0-301F-11D3-BF4B-00C04F79EFBC}") = "lab3", "lab3\lab3.csproj", "{BE298757-EDD3-40EA-83E8-C0056777B49A}"
EndProject
Project("{FAE04EC0-301F-11D3-BF4B-00C04F79EFBC}") = "lab4", "lab4\lab4.csproj", "{C768A462-8168-4608-8627-34EA58210027}"
EndProject
Project("{FAE04EC0-301F-11D3-BF4B-00C04F79EFBC}") = "lab5", "lab5\lab5.csproj", "{6B718B66-164E-4169-B697-4D99594E77F5}"
EndProject
Project("{FAE04EC0-301F-11D3-BF4B-00C04F79EFBC}") = "lab6", "lab6\lab6.csproj", "{31B2AAD7-C669-4F19-B74D-5637E2387416}"
EndProject
Project("{FAE04EC0-301F-11D3-BF4B-00C04F79EFBC}") = "lab7", "lab7\lab7.csproj", "{D992B6FC-5AE2-4992-B0DE-711132949BEF}"
EndProject
Project("{FAE04EC0-301F-11D3-BF4B-00C04F79EFBC}") = "lab8", "lab8\lab8.csproj", "{EEEA3974-2BF2-4422-859B-46CA99EE158A}"
EndProject
Project("{FAE04EC0-301F-11D3-BF4B-00C04F79EFBC}") = "lab9", "lab9\lab9.csproj", "{CC8C3C93-503F-4800-8CBD-351289232108}"
EndProject
Project("{FAE04EC0-301F-11D3-BF4B-00C04F79EFBC}") = "lab10", "lab10\lab10.csproj", "{C25B99B2-9650-4B9A-954E-60062BE272A6}"
EndProject
Project("{FAE04EC0-301F-11D3-BF4B-00C04F79EFBC}") = "lab11", "lab11\lab11.csproj", "{366881BF-917E-4888-841C-F2FEEDAF8EA9}"
EndProject
Project("{FAE04EC0-301F-11D3-BF4B-00C04F79EFBC}") = "lab12", "lab12\lab12.csproj", "{1B097774-E548-4FA2-A020-BAB39E6A685A}"
EndProject
Project("{FAE04EC0-301F-11D3-BF4B-00C04F79EFBC}") = "lab13", "lab13\lab13.csproj", "{92978ACC-9456-46B0-BE38-934CB6F7D0A8}"
EndProject
Project("{FAE04EC0-301F-11D3-BF4B-00C04F79EFBC}") = "lab14", "lab14\lab14.csproj", "{5A533640-7367-4452-B11D-AB0ED3716EA7}"
EndProject
Project("{FAE04EC0-301F-11D3-BF4B-00C04F79EFBC}") = "lab15", "lab15\lab15.csproj", "{3E410B52-0910-401B-B0C5-2371A4771964}"
EndProject
Project("{FAE04EC0-301F-11D3-BF4B-00C04F79EFBC}") = "lab16", "lab16\lab16.csproj", "{BF81435C-5061-490C-8A6B-F3519CEDEE38}"
EndProject
Project("{FAE04EC0-301F-11D3-BF4B-00C04F79EFBC}") = "lab17", "lab17\lab17.csproj", "{B577AA87-44D5-4084-9E01-8078F204B858}"
EndProject
Project("{FAE04EC0-301F-11D3-BF4B-00C04F79EFBC}") = "lab18", "lab18\lab18.csproj", "{F9CA8A67-735A-4831-B9ED-5E6259436D6A}"
EndProject
Project("{FAE04EC0-301F-11D3-BF4B-00C04F79EFBC}") = "lab19", "lab19\lab19.csproj", "{ACF131AB-688E-4808-9569-2948567B5937}"
EndProject
Project("{FAE04EC0-301F-11D3-BF4B-00C04F79EFBC}") = "lab20", "lab20\lab20.csproj", "{6614C7A1-4921-45B4-8E5F-82A44DE07455}"
EndProject
Project("{FAE04EC0-301F-11D3-BF4B-00C04F79EFBC}") = "lab21", "lab21\lab21.csproj", "{E83AAA20-2524-4BD2-B02E-811F9033A17E}"
EndProject
Project("{FAE04EC0-301F-11D3-BF4B-00C04F79EFBC}") = "lab22", "lab22\lab22.csproj", "{B449CCC4-E732-446C-9554-44084085FB3B}"
EndProject
Project("{FAE04EC0-301F-11D3-BF4B-00C04F79EFBC}") = "lab23", "lab23\lab23.csproj", "{5B88229A-8B2B-41D8-BD84-C115B97B5FBD}"
EndProject
Global
	GlobalSection(SolutionConfigurationPlatforms) = preSolution
		Debug|Any CPU = Debug|Any CPU
		Release|Any CPU = Release|Any CPU
	EndGlobalSection
	GlobalSection(ProjectConfigurationPlatforms) = postSolution
		{7182552B-8BE0-41D6-AB90-4CDA1F3B24A0}.Debug|Any CPU.ActiveCfg = Debug|Any CPU
		{7182552B-8BE0-41D6-AB90-4CDA1F3B24A0}.Debug|Any CPU.Build.0 = Debug|Any CPU
		{7182552B-8BE0-41D6-AB90-4CDA1F3B24A0}.Release|Any CPU.ActiveCfg = Release|Any CPU
		{7182552B-8BE0-41D6-AB90-4CDA1F3B24A0}.Release|Any CPU.Build.0 = Release|Any CPU
		{06E46228-D79C-4D39-9881-C9FE7DA0EBA3}.Debug|Any CPU.ActiveCfg = Debug|Any CPU
		{06E46228-D79C-4D39-9881-C9FE7DA0EBA3}.Debug|Any CPU.Build.0 = Debug|Any CPU
		{06E46228-D79C-4D39-9881-C9FE7DA0EBA3}.Release|Any CPU.ActiveCfg = Release|Any CPU
		{06E46228-D79C-4D39-9881-C9FE7DA0EBA3}.Release|Any CPU.Build.0 = Release|Any CPU
		{BE298757-EDD3-40EA-83E8-C0056777B49A}.Debug|Any CPU.ActiveCfg = Debug|Any CPU
		{BE298757-EDD3-40EA-83E8-C0056777B49A}.Debug|Any CPU.Build.0 = Debug|Any CPU
		{BE298757-EDD3-40EA-83E8-C0056777B49A}.Release|Any CPU.ActiveCfg = Release|Any CPU
		{BE298757-EDD3-40EA-83E8-C0056777B49A}.Release|Any CPU.Build.0 = Release|Any CPU
		{C768A462-8168-4608-8627-34EA58210027}.Debug|Any CPU.ActiveCfg = Debug|Any CPU
		{C768A462-8168-4608-8627-34EA58210027}.Debug|Any CPU.Build.0 = Debug|Any CPU
		{C768A462-8168-4608-8627-34EA58210027}.Release|Any CPU.ActiveCfg = Release|Any CPU
		{C768A462-8168-4608-8627-34EA58210027}.Release|Any CPU.Build.0 = Release|Any CPU
		{6B718B66-164E-4169-B697-4D99594E77F5}.Debug|Any CPU.ActiveCfg = Debug|Any CPU
		{6B718B66-164E-4169-B697-4D99594E77F5}.Debug|Any CPU.Build.0 = Debug|Any CPU
		{6B718B66-164E-4169-B697-4D99594E77F5}.Release|Any CPU.ActiveCfg = Release|Any CPU
		{6B718B66-164E-4169-B697-4D99594E77F5}.Release|Any CPU.Build.0 = Release|Any CPU
		{31B2AAD7-C669-4F19-B74D-5637E2387416}.Debug|Any CPU.ActiveCfg = Debug|Any CPU
		{31B2AAD7-C669-4F19-B74D-5637E2387416}.Debug|Any CPU.Build.0 = Debug|Any CPU
		{31B2AAD7-C669-4F19-B74D-5637E2387416}.Release|Any CPU.ActiveCfg = Release|Any CPU
		{31B2AAD7-C669-4F19-B74D-5637E2387416}.Release|Any CPU.Build.0 = Release|Any CPU
		{D992B6FC-5AE2-4992-B0DE-711132949BEF}.Debug|Any CPU.ActiveCfg = Debug|Any CPU
		{D992B6FC-5AE2-4992-B0DE-711132949BEF}.Debug|Any CPU.Build.0 = Debug|Any CPU
		{D992B6FC-5AE2-4992-B0DE-711132949BEF}.Release|Any CPU.ActiveCfg = Release|Any CPU
		{D992B6FC-5AE2-4992-B0DE-711132949BEF}.Release|Any CPU.Build.0 = Release|Any CPU
		{EEEA3974-2BF2-4422-859B-46CA99EE158A}.Debug|Any CPU.ActiveCfg = Debug|Any CPU
		{EEEA3974-2BF2-4422-859B-46CA99EE158A}.Debug|Any CPU.Build.0 = Debug|Any CPU
		{EEEA3974-2BF2-4422-859B-46CA99EE158A}.Release|Any CPU.ActiveCfg = Release|Any CPU
		{EEEA3974-2BF2-4422-859B-46CA99EE158A}.Release|Any CPU.Build.0 = Release|Any CPU
		{CC8C3C93-503F-4800-8CBD-351289232108}.Debug|Any CPU.ActiveCfg = Debug|Any CPU
		{CC8C3C93-503F-4800-8CBD-351289232108}.Debug|Any CPU.Build.0 = Debug|Any CPU
		{CC8C3C93-503F-4800-8CBD-351289232108}.Release|Any CPU.ActiveCfg = Release|Any CPU
		{CC8C3C93-503F-4800-8CBD-351289232108}.Release|Any CPU.Build.0 = Release|Any CPU
		{C25B99B2-9650-4B9A-954E-60062BE272A6}.Debug|Any CPU.ActiveCfg = Debug|Any CPU
		{C25B99B2-9650-4B9A-954E-60062BE272A6}.Debug|Any CPU.Build.0 = Debug|Any CPU
		{C25B99B2-9650-4B9A-954E-60062BE272A6}.Release|Any CPU.ActiveCfg = Release|Any CPU
		{C25B99B2-9650-4B9A-954E-60062BE272A6}.Release|Any CPU.Build.0 = Release|Any CPU
		{366881BF-917E-4888-841C-F2FEEDAF8EA9}.Debug|Any CPU.ActiveCfg = Debug|Any CPU
		{366881BF-917E-4888-841C-F2FEEDAF8EA9}.Debug|Any CPU.Build.0 = Debug|Any CPU
		{366881BF-917E-4888-841C-F2FEEDAF8EA9}.Release|Any CPU.ActiveCfg = Release|Any CPU
		{366881BF-917E-4888-841C-F2FEEDAF8EA9}.Release|Any CPU.Build.0 = Release|Any CPU
		{1B097774-E548-4FA2-A020-BAB39E6A685A}.Debug|Any CPU.ActiveCfg = Debug|Any CPU
		{1B097774-E548-4FA2-A020-BAB39E6A685A}.Debug|Any CPU.Build.0 = Debug|Any CPU
		{1B097774-E548-4FA2-A020-BAB39E6A685A}.Release|Any CPU.ActiveCfg = Release|Any CPU
		{1B097774-E548-4FA2-A020-BAB39E6A685A}.Release|Any CPU.Build.0 = Release|Any CPU
		{92978ACC-9456-46B0-BE38-934CB6F7D0A8}.Debug|Any CPU.ActiveCfg = Debug|Any CPU
		{92978ACC-9456-46B0-BE38-934CB6F7D0A8}.Debug|Any CPU.Build.0 = Debug|Any CPU
		{92978ACC-9456-46B0-BE38-934CB6F7D0A8}.Release|Any CPU.ActiveCfg = Release|Any CPU
		{92978ACC-9456-46B0-BE38-934CB6F7D0A8}.Release|Any CPU.Build.0 = Release|Any CPU
		{5A533640-7367-4452-B11D-AB0ED3716EA7}.Debug|Any CPU.ActiveCfg = Debug|Any CPU
		{5A533640-7367-4452-B11D-AB0ED3716EA7}.Debug|Any CPU.Build.0 = Debug|Any CPU
		{5A533640-7367-4452-B11D-AB0ED3716EA7}.Release|Any CPU.ActiveCfg = Release|Any CPU
		{5A533640-7367-4452-B11D-AB0ED3716EA7}.Release|Any CPU.Build.0 = Release|Any CPU
		{3E410B52-0910-401B-B0C5-2371A4771964}.Debug|Any CPU.ActiveCfg = Debug|Any CPU
		{3E410B52-0910-401B-B0C5-2371A4771964}.Debug|Any CPU.Build.0 = Debug|Any CPU
		{3E410B52-0910-401B-B0C5-2371A4771964}.Release|Any CPU.ActiveCfg = Release|Any CPU
		{3E410B52-0910-401B-B0C5-2371A4771964}.Release|Any CPU.Build.0 = Release|Any CPU
		{BF81435C-5061-490C-8A6B-F3519CEDEE38}.Debug|Any CPU.ActiveCfg = Debug|Any CPU
		{BF81435C-5061-490C-8A6B-F3519CEDEE38}.Debug|Any CPU.Build.0 = Debug|Any CPU
		{BF81435C-5061-490C-8A6B-F3519CEDEE38}.Release|Any CPU.ActiveCfg = Release|Any CPU
		{BF81435C-5061-490C-8A6B-F3519CEDEE38}.Release|Any CPU.Build.0 = Release|Any CPU
		{B577AA87-44D5-4084-9E01-8078F204B858}.Debug|Any CPU.ActiveCfg = Debug|Any CPU
		{B577AA87-44D5-4084-9E01-8078F204B858}.Debug|Any CPU.Build.0 = Debug|Any CPU
		{B577AA87-44D5-4084-9E01-8078F204B858}.Release|Any CPU.ActiveCfg = Release|Any CPU
		{B577AA87-44D5-4084-9E01-8078F204B858}.Release|Any CPU.Build.0 = Release|Any CPU
		{F9CA8A67-735A-4831-B9ED-5E6259436D6A}.Debug|Any CPU.ActiveCfg = Debug|Any CPU
		{F9CA8A67-735A-4831-B9ED-5E6259436D6A}.Debug|Any CPU.Build.0 = Debug|Any CPU
		{F9CA8A67-735A-4831-B9ED-5E6259436D6A}.Release|Any CPU.ActiveCfg = Release|Any CPU
		{F9CA8A67-735A-4831-B9ED-5E6259436D6A}.Release|Any CPU.Build.0 = Release|Any CPU
		{ACF131AB-688E-4808-9569-2948567B5937}.Debug|Any CPU.ActiveCfg = Debug|Any CPU
		{ACF131AB-688E-4808-9569-2948567B5937}.Debug|Any CPU.Build.0 = Debug|Any CPU
		{ACF131AB-688E-4808-9569-2948567B5937}.Release|Any CPU.ActiveCfg = Release|Any CPU
		{ACF131AB-688E-4808-9569-2948567B5937}.Release|Any CPU.Build.0 = Release|Any CPU
		{6614C7A1-4921-45B4-8E5F-82A44DE07455}.Debug|Any CPU.ActiveCfg = Debug|Any CPU
		{6614C7A1-4921-45B4-8E5F-82A44DE07455}.Debug|Any CPU.Build.0 = Debug|Any CPU
		{6614C7A1-4921-45B4-8E5F-82A44DE07455}.Release|Any CPU.ActiveCfg = Release|Any CPU
		{6614C7A1-4921-45B4-8E5F-82A44DE07455}.Release|Any CPU.Build.0 = Release|Any CPU
		{E83AAA20-2524-4BD2-B02E-811F9033A17E}.Debug|Any CPU.ActiveCfg = Debug|Any CPU
		{E83AAA20-2524-4BD2-B02E-811F9033A17E}.Debug|Any CPU.Build.0 = Debug|Any CPU
		{E83AAA20-2524-4BD2-B02E-811F9033A17E}.Release|Any CPU.ActiveCfg = Release|Any CPU
		{E83AAA20-2524-4BD2-B02E-811F9033A17E}.Release|Any CPU.Build.0 = Release|Any CPU
		{B449CCC4-E732-446C-9554-44084085FB3B}.Debug|Any CPU.ActiveCfg = Debug|Any CPU
		{B449CCC4-E732-446C-9554-44084085FB3B}.Debug|Any CPU.Build.0 = Debug|Any CPU
		{B449CCC4-E732-446C-9554-44084085FB3B}.Release|Any CPU.ActiveCfg = Release|Any CPU
		{B449CCC4-E732-446C-9554-44084085FB3B}.Release|Any CPU.Build.0 = Release|Any CPU
		{5B88229A-8B2B-41D8-BD84-C115B97B5FBD}.Debug|Any CPU.ActiveCfg = Debug|Any CPU
		{5B88229A-8B2B-41D8-BD84-C115B97B5FBD}.Debug|Any CPU.Build.0 = Debug|Any CPU
		{5B88229A-8B2B-41D8-BD84-C115B97B5FBD}.Release|Any CPU.ActiveCfg = Release|Any CPU
		{5B88229A-8B2B-41D8-BD84-C115B97B5FBD}.Release|Any CPU.Build.0 = Release|Any CPU
	EndGlobalSection
	GlobalSection(SolutionProperties) = preSolution
		HideSolutionNode = FALSE
	EndGlobalSection
	GlobalSection(ExtensibilityGlobals) = postSolution
		SolutionGuid = {1F1DD28B-F674-4307-8C30-19B975B92EB6}
	EndGlobalSection
EndGlobal
